
Microsoft Visual Studio Solution File, Format Version 12.00
# Visual Studio Version 17
VisualStudioVersion = 17.5.002.0
MinimumVisualStudioVersion = 10.0.40219.1
Project("{9A19103F-16F7-4668-BE54-9A1E7A4F7556}") = "RedisCacheApi", "RedisCacheApi.csproj", "{F896A867-6115-4D52-9A23-790D010F2BCD}"
EndProject
Project("{2150E333-8FDC-42A3-9474-1A3956D46DE8}") = "Solution Items", "Solution Items", "{3D253641-E933-4AF8-A0B9-BD05EBD394B1}"
	ProjectSection(SolutionItems) = preProject
		docker-compose.yml = docker-compose.yml
	EndProjectSection
EndProject
Global
	GlobalSection(SolutionConfigurationPlatforms) = preSolution
		Debug|Any CPU = Debug|Any CPU
		Release|Any CPU = Release|Any CPU
	EndGlobalSection
	GlobalSection(ProjectConfigurationPlatforms) = postSolution
		{F896A867-6115-4D52-9A23-790D010F2BCD}.Debug|Any CPU.ActiveCfg = Debug|Any CPU
		{F896A867-6115-4D52-9A23-790D010F2BCD}.Debug|Any CPU.Build.0 = Debug|Any CPU
		{F896A867-6115-4D52-9A23-790D010F2BCD}.Release|Any CPU.ActiveCfg = Release|Any CPU
		{F896A867-6115-4D52-9A23-790D010F2BCD}.Release|Any CPU.Build.0 = Release|Any CPU
	EndGlobalSection
	GlobalSection(SolutionProperties) = preSolution
		HideSolutionNode = FALSE
	EndGlobalSection
	GlobalSection(ExtensibilityGlobals) = postSolution
		SolutionGuid = {01381688-3352-48DE-A912-258F67030919}
	EndGlobalSection
EndGlobal
